# This file is automatically @generated by Cargo.
# It is not intended for manual editing.
[[package]]
name = "bed"
version = "0.0.1"

[[package]]
name = "bed_core"
version = "0.0.1"

[[package]]
name = "ds"
version = "0.0.1"

[[package]]
name = "edit"
version = "0.0.1"
dependencies = [
 "ds",
 "rope",
]

[[package]]
name = "rope"
version = "0.0.1"
dependencies = [
 "utf8",
]

[[package]]
name = "utf8"
version = "0.0.1"
